// !$*UTF8*$!
{
	archiveVersion = 1;
	classes = {
	};
	objectVersion = 56;
	objects = {

/* Begin PBXBuildFile section */
		5B0088072E900D3D00745F89 /* TokenStore.swift in Sources */ = {isa = PBXBuildFile; fileRef = 5B0088062E900D3D00745F89 /* TokenStore.swift */; };
		5B00880A2E9028B500745F89 /* MainTabView.swift in Sources */ = {isa = PBXBuildFile; fileRef = 5B0088092E9028B500745F89 /* MainTabView.swift */; };
		5B0963E82E93EE34008307C6 /* SVGImageProcessor.swift in Sources */ = {isa = PBXBuildFile; fileRef = 5B0963E72E93EE34008307C6 /* SVGImageProcessor.swift */; };
		5B2227692E91636A0057A7C7 /* ArtworkDiscoverCardView.swift in Sources */ = {isa = PBXBuildFile; fileRef = 5B2227682E91636A0057A7C7 /* ArtworkDiscoverCardView.swift */; };
		5B22276B2E9175D10057A7C7 /* FollowingFeedView.swift in Sources */ = {isa = PBXBuildFile; fileRef = 5B22276A2E9175D10057A7C7 /* FollowingFeedView.swift */; };
		5B22276D2E917EDC0057A7C7 /* DiscoverModels.swift in Sources */ = {isa = PBXBuildFile; fileRef = 5B22276C2E917EDC0057A7C7 /* DiscoverModels.swift */; };
		5B2227702E9180480057A7C7 /* Currency.swift in Sources */ = {isa = PBXBuildFile; fileRef = 5B22276F2E9180480057A7C7 /* Currency.swift */; };
		5B2589572E8D197200FC7E99 /* AuthTextFieldStyle.swift in Sources */ = {isa = PBXBuildFile; fileRef = 5B2589562E8D197200FC7E99 /* AuthTextFieldStyle.swift */; };
		5B4A17D12E949C020008E8E0 /* ProfilePhoto.swift in Sources */ = {isa = PBXBuildFile; fileRef = 5B4A17D02E949C020008E8E0 /* ProfilePhoto.swift */; };
		5B4A17D32E949E030008E8E0 /* ProfileView.swift in Sources */ = {isa = PBXBuildFile; fileRef = 5B4A17D22E949E030008E8E0 /* ProfileView.swift */; };
		5B4A17D52E94AA1B0008E8E0 /* BiographyView.swift in Sources */ = {isa = PBXBuildFile; fileRef = 5B4A17D42E94AA1B0008E8E0 /* BiographyView.swift */; };
		5B4A17D72E94E7320008E8E0 /* AttributedStringExtension.swift in Sources */ = {isa = PBXBuildFile; fileRef = 5B4A17D62E94E7320008E8E0 /* AttributedStringExtension.swift */; };
		5B4E0D532E923BEA00970E84 /* RootView.swift in Sources */ = {isa = PBXBuildFile; fileRef = 5B4E0D522E923BEA00970E84 /* RootView.swift */; };
		5B5171B92E93B4A80062F6DA /* InfiniteScroll.swift in Sources */ = {isa = PBXBuildFile; fileRef = 5B5171B82E93B4A80062F6DA /* InfiniteScroll.swift */; };
		5B52B58B2E93FE8D001CB154 /* Kingfisher in Frameworks */ = {isa = PBXBuildFile; productRef = 5B52B58A2E93FE8D001CB154 /* Kingfisher */; };
		5B52B58E2E94003E001CB154 /* SVGKit in Frameworks */ = {isa = PBXBuildFile; productRef = 5B52B58D2E94003E001CB154 /* SVGKit */; };
		5B55EE5D2E94F0440068474E /* Formatter.swift in Sources */ = {isa = PBXBuildFile; fileRef = 5B55EE5C2E94F0440068474E /* Formatter.swift */; };
		5B55EE5F2E94F2240068474E /* ProfileViewModel.swift in Sources */ = {isa = PBXBuildFile; fileRef = 5B55EE5E2E94F2240068474E /* ProfileViewModel.swift */; };
		5B55EE612E9507E30068474E /* ArtworkGridView.swift in Sources */ = {isa = PBXBuildFile; fileRef = 5B55EE602E9507E30068474E /* ArtworkGridView.swift */; };
		5B6A8D242E97F05900D31586 /* SearchView.swift in Sources */ = {isa = PBXBuildFile; fileRef = 5B6A8D232E97F05900D31586 /* SearchView.swift */; };
		5B6A8D262E97F0EE00D31586 /* SearchViewModel.swift in Sources */ = {isa = PBXBuildFile; fileRef = 5B6A8D252E97F0EE00D31586 /* SearchViewModel.swift */; };
		5B6A8D282E9802C700D31586 /* ArtworkSearchCardView.swift in Sources */ = {isa = PBXBuildFile; fileRef = 5B6A8D272E9802C700D31586 /* ArtworkSearchCardView.swift */; };
		5B6A8D2A2E98081700D31586 /* ArtistSearchCardView.swift in Sources */ = {isa = PBXBuildFile; fileRef = 5B6A8D292E98081700D31586 /* ArtistSearchCardView.swift */; };
		5B6A8D2C2E98095100D31586 /* SearchCardWithIconView.swift in Sources */ = {isa = PBXBuildFile; fileRef = 5B6A8D2B2E98095100D31586 /* SearchCardWithIconView.swift */; };
		5B9335422E92F5E70082550F /* Constants.swift in Sources */ = {isa = PBXBuildFile; fileRef = 5B9335412E92F5E60082550F /* Constants.swift */; };
		5B9ED8502E9131EF00D27A92 /* DiscoverViewModel.swift in Sources */ = {isa = PBXBuildFile; fileRef = 5B9ED84F2E9131EF00D27A92 /* DiscoverViewModel.swift */; };
		5BAA83242E89C30C0055B794 /* GetStartedView.swift in Sources */ = {isa = PBXBuildFile; fileRef = 5BAA83232E89C30C0055B794 /* GetStartedView.swift */; };
		5BAA83262E89D1FD0055B794 /* LogInView.swift in Sources */ = {isa = PBXBuildFile; fileRef = 5BAA83252E89D1FD0055B794 /* LogInView.swift */; };
		5BAF102E2E8EE37C00C868C5 /* AuthModels.swift in Sources */ = {isa = PBXBuildFile; fileRef = 5BAF102D2E8EE37B00C868C5 /* AuthModels.swift */; };
		5BAF10302E8EE3A300C868C5 /* UserModels.swift in Sources */ = {isa = PBXBuildFile; fileRef = 5BAF102F2E8EE3A300C868C5 /* UserModels.swift */; };
		5BAF10332E8EE52700C868C5 /* AuthViewModel.swift in Sources */ = {isa = PBXBuildFile; fileRef = 5BAF10322E8EE52700C868C5 /* AuthViewModel.swift */; };
		5BAF10362E8EEFCA00C868C5 /* APIService.swift in Sources */ = {isa = PBXBuildFile; fileRef = 5BAF10352E8EEFCA00C868C5 /* APIService.swift */; };
		5BAF10382E8F025900C868C5 /* ErrorTextStyle.swift in Sources */ = {isa = PBXBuildFile; fileRef = 5BAF10372E8F025900C868C5 /* ErrorTextStyle.swift */; };
		5BBA03AD2E900ACD001B1EE3 /* DiscoverView.swift in Sources */ = {isa = PBXBuildFile; fileRef = 5BBA03AC2E900ACD001B1EE3 /* DiscoverView.swift */; };
		5BBA3E8F2E963F4A007B2B2D /* SettingsView.swift in Sources */ = {isa = PBXBuildFile; fileRef = 5BBA3E8E2E963F4A007B2B2D /* SettingsView.swift */; };
		5BBA3E912E9644EE007B2B2D /* AccountSettingsView.swift in Sources */ = {isa = PBXBuildFile; fileRef = 5BBA3E902E9644EE007B2B2D /* AccountSettingsView.swift */; };
		5BCC48062E9CF44500343FCE /* ArtworkEditTextFieldStyle.swift in Sources */ = {isa = PBXBuildFile; fileRef = 5BCC48052E9CF44500343FCE /* ArtworkEditTextFieldStyle.swift */; };
		5BCEB0682E98EBFC001ABCB2 /* SearchModels.swift in Sources */ = {isa = PBXBuildFile; fileRef = 5BCEB0672E98EBFC001ABCB2 /* SearchModels.swift */; };
		5BCEB06A2E98F31C001ABCB2 /* CityModels.swift in Sources */ = {isa = PBXBuildFile; fileRef = 5BCEB0692E98F31C001ABCB2 /* CityModels.swift */; };
		5BCEB06C2E98F379001ABCB2 /* GalleryModels.swift in Sources */ = {isa = PBXBuildFile; fileRef = 5BCEB06B2E98F379001ABCB2 /* GalleryModels.swift */; };
		5BDB70622E8666FB00EB6C83 /* iosApp.swift in Sources */ = {isa = PBXBuildFile; fileRef = 5BDB70612E8666FB00EB6C83 /* iosApp.swift */; };
		5BDB70662E8666FC00EB6C83 /* Assets.xcassets in Resources */ = {isa = PBXBuildFile; fileRef = 5BDB70652E8666FC00EB6C83 /* Assets.xcassets */; };
		5BDB70692E8666FC00EB6C83 /* Preview Assets.xcassets in Resources */ = {isa = PBXBuildFile; fileRef = 5BDB70682E8666FC00EB6C83 /* Preview Assets.xcassets */; };
		5BDB70732E8666FD00EB6C83 /* iosTests.swift in Sources */ = {isa = PBXBuildFile; fileRef = 5BDB70722E8666FD00EB6C83 /* iosTests.swift */; };
		5BDB707D2E8666FD00EB6C83 /* iosUITests.swift in Sources */ = {isa = PBXBuildFile; fileRef = 5BDB707C2E8666FD00EB6C83 /* iosUITests.swift */; };
		5BDB707F2E8666FD00EB6C83 /* iosUITestsLaunchTests.swift in Sources */ = {isa = PBXBuildFile; fileRef = 5BDB707E2E8666FD00EB6C83 /* iosUITestsLaunchTests.swift */; };
		5BECDCEF2E8AF7BA0092C6D9 /* SignUpView.swift in Sources */ = {isa = PBXBuildFile; fileRef = 5BECDCEE2E8AF7BA0092C6D9 /* SignUpView.swift */; };
		5BF20FE02E9A47E70024FE10 /* ColorExtension.swift in Sources */ = {isa = PBXBuildFile; fileRef = 5BF20FDF2E9A47E70024FE10 /* ColorExtension.swift */; };
		5BF20FE22E9A4F2B0024FE10 /* ArtworkImageContainerView.swift in Sources */ = {isa = PBXBuildFile; fileRef = 5BF20FE12E9A4F2B0024FE10 /* ArtworkImageContainerView.swift */; };
		5BF20FE42E9A5A300024FE10 /* ArtworkHeaderView.swift in Sources */ = {isa = PBXBuildFile; fileRef = 5BF20FE32E9A5A300024FE10 /* ArtworkHeaderView.swift */; };
		5BF227FE2E993745009843AD /* ArtworkView.swift in Sources */ = {isa = PBXBuildFile; fileRef = 5BF227FD2E993745009843AD /* ArtworkView.swift */; };
		5BF228002E993871009843AD /* ArtworkViewModel.swift in Sources */ = {isa = PBXBuildFile; fileRef = 5BF227FF2E993871009843AD /* ArtworkViewModel.swift */; };
		5BF228022E995D75009843AD /* ArtworkImageView.swift in Sources */ = {isa = PBXBuildFile; fileRef = 5BF228012E995D75009843AD /* ArtworkImageView.swift */; };
		5BF589E12E91064000A03625 /* ArtistDiscoverView.swift in Sources */ = {isa = PBXBuildFile; fileRef = 5BF589E02E91064000A03625 /* ArtistDiscoverView.swift */; };
		5BF589E32E91141000A03625 /* HighStakesAuctionView.swift in Sources */ = {isa = PBXBuildFile; fileRef = 5BF589E22E91141000A03625 /* HighStakesAuctionView.swift */; };
		5BF589E52E91191400A03625 /* DiscoverSectionView.swift in Sources */ = {isa = PBXBuildFile; fileRef = 5BF589E42E91191400A03625 /* DiscoverSectionView.swift */; };
		5BF5DF232E953A0900A876A4 /* ArtworkModels.swift in Sources */ = {isa = PBXBuildFile; fileRef = 5BF5DF222E953A0900A876A4 /* ArtworkModels.swift */; };
/* End PBXBuildFile section */

/* Begin PBXContainerItemProxy section */
		5BDB706F2E8666FD00EB6C83 /* PBXContainerItemProxy */ = {
			isa = PBXContainerItemProxy;
			containerPortal = 5BDB70562E8666FB00EB6C83 /* Project object */;
			proxyType = 1;
			remoteGlobalIDString = 5BDB705D2E8666FB00EB6C83;
			remoteInfo = ios;
		};
		5BDB70792E8666FD00EB6C83 /* PBXContainerItemProxy */ = {
			isa = PBXContainerItemProxy;
			containerPortal = 5BDB70562E8666FB00EB6C83 /* Project object */;
			proxyType = 1;
			remoteGlobalIDString = 5BDB705D2E8666FB00EB6C83;
			remoteInfo = ios;
		};
/* End PBXContainerItemProxy section */

/* Begin PBXFileReference section */
		5B0088062E900D3D00745F89 /* TokenStore.swift */ = {isa = PBXFileReference; lastKnownFileType = sourcecode.swift; path = TokenStore.swift; sourceTree = "<group>"; };
		5B0088092E9028B500745F89 /* MainTabView.swift */ = {isa = PBXFileReference; lastKnownFileType = sourcecode.swift; path = MainTabView.swift; sourceTree = "<group>"; };
		5B0963E72E93EE34008307C6 /* SVGImageProcessor.swift */ = {isa = PBXFileReference; lastKnownFileType = sourcecode.swift; path = SVGImageProcessor.swift; sourceTree = "<group>"; };
		5B2227682E91636A0057A7C7 /* ArtworkDiscoverCardView.swift */ = {isa = PBXFileReference; lastKnownFileType = sourcecode.swift; path = ArtworkDiscoverCardView.swift; sourceTree = "<group>"; };
		5B22276A2E9175D10057A7C7 /* FollowingFeedView.swift */ = {isa = PBXFileReference; lastKnownFileType = sourcecode.swift; path = FollowingFeedView.swift; sourceTree = "<group>"; };
		5B22276C2E917EDC0057A7C7 /* DiscoverModels.swift */ = {isa = PBXFileReference; lastKnownFileType = sourcecode.swift; path = DiscoverModels.swift; sourceTree = "<group>"; };
		5B22276F2E9180480057A7C7 /* Currency.swift */ = {isa = PBXFileReference; lastKnownFileType = sourcecode.swift; path = Currency.swift; sourceTree = "<group>"; };
		5B2589562E8D197200FC7E99 /* AuthTextFieldStyle.swift */ = {isa = PBXFileReference; lastKnownFileType = sourcecode.swift; path = AuthTextFieldStyle.swift; sourceTree = "<group>"; };
		5B4A17D02E949C020008E8E0 /* ProfilePhoto.swift */ = {isa = PBXFileReference; lastKnownFileType = sourcecode.swift; path = ProfilePhoto.swift; sourceTree = "<group>"; };
		5B4A17D22E949E030008E8E0 /* ProfileView.swift */ = {isa = PBXFileReference; lastKnownFileType = sourcecode.swift; path = ProfileView.swift; sourceTree = "<group>"; };
		5B4A17D42E94AA1B0008E8E0 /* BiographyView.swift */ = {isa = PBXFileReference; lastKnownFileType = sourcecode.swift; path = BiographyView.swift; sourceTree = "<group>"; };
		5B4A17D62E94E7320008E8E0 /* AttributedStringExtension.swift */ = {isa = PBXFileReference; lastKnownFileType = sourcecode.swift; path = AttributedStringExtension.swift; sourceTree = "<group>"; };
		5B4E0D522E923BEA00970E84 /* RootView.swift */ = {isa = PBXFileReference; lastKnownFileType = sourcecode.swift; path = RootView.swift; sourceTree = "<group>"; };
		5B5171B82E93B4A80062F6DA /* InfiniteScroll.swift */ = {isa = PBXFileReference; lastKnownFileType = sourcecode.swift; path = InfiniteScroll.swift; sourceTree = "<group>"; };
		5B55EE5C2E94F0440068474E /* Formatter.swift */ = {isa = PBXFileReference; lastKnownFileType = sourcecode.swift; path = Formatter.swift; sourceTree = "<group>"; };
		5B55EE5E2E94F2240068474E /* ProfileViewModel.swift */ = {isa = PBXFileReference; lastKnownFileType = sourcecode.swift; path = ProfileViewModel.swift; sourceTree = "<group>"; };
		5B55EE602E9507E30068474E /* ArtworkGridView.swift */ = {isa = PBXFileReference; lastKnownFileType = sourcecode.swift; path = ArtworkGridView.swift; sourceTree = "<group>"; };
		5B6A8D232E97F05900D31586 /* SearchView.swift */ = {isa = PBXFileReference; lastKnownFileType = sourcecode.swift; path = SearchView.swift; sourceTree = "<group>"; };
		5B6A8D252E97F0EE00D31586 /* SearchViewModel.swift */ = {isa = PBXFileReference; lastKnownFileType = sourcecode.swift; path = SearchViewModel.swift; sourceTree = "<group>"; };
		5B6A8D272E9802C700D31586 /* ArtworkSearchCardView.swift */ = {isa = PBXFileReference; lastKnownFileType = sourcecode.swift; path = ArtworkSearchCardView.swift; sourceTree = "<group>"; };
		5B6A8D292E98081700D31586 /* ArtistSearchCardView.swift */ = {isa = PBXFileReference; lastKnownFileType = sourcecode.swift; path = ArtistSearchCardView.swift; sourceTree = "<group>"; };
		5B6A8D2B2E98095100D31586 /* SearchCardWithIconView.swift */ = {isa = PBXFileReference; lastKnownFileType = sourcecode.swift; path = SearchCardWithIconView.swift; sourceTree = "<group>"; };
		5B9335412E92F5E60082550F /* Constants.swift */ = {isa = PBXFileReference; lastKnownFileType = sourcecode.swift; path = Constants.swift; sourceTree = "<group>"; };
		5B9ED84F2E9131EF00D27A92 /* DiscoverViewModel.swift */ = {isa = PBXFileReference; lastKnownFileType = sourcecode.swift; path = DiscoverViewModel.swift; sourceTree = "<group>"; };
		5BAA83232E89C30C0055B794 /* GetStartedView.swift */ = {isa = PBXFileReference; lastKnownFileType = sourcecode.swift; path = GetStartedView.swift; sourceTree = "<group>"; };
		5BAA83252E89D1FD0055B794 /* LogInView.swift */ = {isa = PBXFileReference; lastKnownFileType = sourcecode.swift; path = LogInView.swift; sourceTree = "<group>"; };
		5BAF102D2E8EE37B00C868C5 /* AuthModels.swift */ = {isa = PBXFileReference; lastKnownFileType = sourcecode.swift; path = AuthModels.swift; sourceTree = "<group>"; };
		5BAF102F2E8EE3A300C868C5 /* UserModels.swift */ = {isa = PBXFileReference; lastKnownFileType = sourcecode.swift; path = UserModels.swift; sourceTree = "<group>"; };
		5BAF10322E8EE52700C868C5 /* AuthViewModel.swift */ = {isa = PBXFileReference; lastKnownFileType = sourcecode.swift; path = AuthViewModel.swift; sourceTree = "<group>"; };
		5BAF10352E8EEFCA00C868C5 /* APIService.swift */ = {isa = PBXFileReference; lastKnownFileType = sourcecode.swift; path = APIService.swift; sourceTree = "<group>"; };
		5BAF10372E8F025900C868C5 /* ErrorTextStyle.swift */ = {isa = PBXFileReference; lastKnownFileType = sourcecode.swift; path = ErrorTextStyle.swift; sourceTree = "<group>"; };
		5BBA03AC2E900ACD001B1EE3 /* DiscoverView.swift */ = {isa = PBXFileReference; lastKnownFileType = sourcecode.swift; path = DiscoverView.swift; sourceTree = "<group>"; };
		5BBA3E8E2E963F4A007B2B2D /* SettingsView.swift */ = {isa = PBXFileReference; lastKnownFileType = sourcecode.swift; path = SettingsView.swift; sourceTree = "<group>"; };
		5BBA3E902E9644EE007B2B2D /* AccountSettingsView.swift */ = {isa = PBXFileReference; lastKnownFileType = sourcecode.swift; path = AccountSettingsView.swift; sourceTree = "<group>"; };
		5BCC48052E9CF44500343FCE /* ArtworkEditTextFieldStyle.swift */ = {isa = PBXFileReference; lastKnownFileType = sourcecode.swift; path = ArtworkEditTextFieldStyle.swift; sourceTree = "<group>"; };
		5BCEB0672E98EBFC001ABCB2 /* SearchModels.swift */ = {isa = PBXFileReference; lastKnownFileType = sourcecode.swift; path = SearchModels.swift; sourceTree = "<group>"; };
		5BCEB0692E98F31C001ABCB2 /* CityModels.swift */ = {isa = PBXFileReference; lastKnownFileType = sourcecode.swift; path = CityModels.swift; sourceTree = "<group>"; };
		5BCEB06B2E98F379001ABCB2 /* GalleryModels.swift */ = {isa = PBXFileReference; lastKnownFileType = sourcecode.swift; path = GalleryModels.swift; sourceTree = "<group>"; };
		5BDB705E2E8666FB00EB6C83 /* ios.app */ = {isa = PBXFileReference; explicitFileType = wrapper.application; includeInIndex = 0; path = ios.app; sourceTree = BUILT_PRODUCTS_DIR; };
		5BDB70612E8666FB00EB6C83 /* iosApp.swift */ = {isa = PBXFileReference; lastKnownFileType = sourcecode.swift; path = iosApp.swift; sourceTree = "<group>"; };
		5BDB70652E8666FC00EB6C83 /* Assets.xcassets */ = {isa = PBXFileReference; lastKnownFileType = folder.assetcatalog; path = Assets.xcassets; sourceTree = "<group>"; };
		5BDB70682E8666FC00EB6C83 /* Preview Assets.xcassets */ = {isa = PBXFileReference; lastKnownFileType = folder.assetcatalog; path = "Preview Assets.xcassets"; sourceTree = "<group>"; };
		5BDB706E2E8666FD00EB6C83 /* iosTests.xctest */ = {isa = PBXFileReference; explicitFileType = wrapper.cfbundle; includeInIndex = 0; path = iosTests.xctest; sourceTree = BUILT_PRODUCTS_DIR; };
		5BDB70722E8666FD00EB6C83 /* iosTests.swift */ = {isa = PBXFileReference; lastKnownFileType = sourcecode.swift; path = iosTests.swift; sourceTree = "<group>"; };
		5BDB70782E8666FD00EB6C83 /* iosUITests.xctest */ = {isa = PBXFileReference; explicitFileType = wrapper.cfbundle; includeInIndex = 0; path = iosUITests.xctest; sourceTree = BUILT_PRODUCTS_DIR; };
		5BDB707C2E8666FD00EB6C83 /* iosUITests.swift */ = {isa = PBXFileReference; lastKnownFileType = sourcecode.swift; path = iosUITests.swift; sourceTree = "<group>"; };
		5BDB707E2E8666FD00EB6C83 /* iosUITestsLaunchTests.swift */ = {isa = PBXFileReference; lastKnownFileType = sourcecode.swift; path = iosUITestsLaunchTests.swift; sourceTree = "<group>"; };
		5BECDCEE2E8AF7BA0092C6D9 /* SignUpView.swift */ = {isa = PBXFileReference; lastKnownFileType = sourcecode.swift; path = SignUpView.swift; sourceTree = "<group>"; };
		5BF20FDF2E9A47E70024FE10 /* ColorExtension.swift */ = {isa = PBXFileReference; lastKnownFileType = sourcecode.swift; path = ColorExtension.swift; sourceTree = "<group>"; };
		5BF20FE12E9A4F2B0024FE10 /* ArtworkImageContainerView.swift */ = {isa = PBXFileReference; lastKnownFileType = sourcecode.swift; path = ArtworkImageContainerView.swift; sourceTree = "<group>"; };
		5BF20FE32E9A5A300024FE10 /* ArtworkHeaderView.swift */ = {isa = PBXFileReference; lastKnownFileType = sourcecode.swift; path = ArtworkHeaderView.swift; sourceTree = "<group>"; };
		5BF227FD2E993745009843AD /* ArtworkView.swift */ = {isa = PBXFileReference; lastKnownFileType = sourcecode.swift; path = ArtworkView.swift; sourceTree = "<group>"; };
		5BF227FF2E993871009843AD /* ArtworkViewModel.swift */ = {isa = PBXFileReference; lastKnownFileType = sourcecode.swift; path = ArtworkViewModel.swift; sourceTree = "<group>"; };
		5BF228012E995D75009843AD /* ArtworkImageView.swift */ = {isa = PBXFileReference; lastKnownFileType = sourcecode.swift; path = ArtworkImageView.swift; sourceTree = "<group>"; };
		5BF589E02E91064000A03625 /* ArtistDiscoverView.swift */ = {isa = PBXFileReference; lastKnownFileType = sourcecode.swift; path = ArtistDiscoverView.swift; sourceTree = "<group>"; };
		5BF589E22E91141000A03625 /* HighStakesAuctionView.swift */ = {isa = PBXFileReference; lastKnownFileType = sourcecode.swift; path = HighStakesAuctionView.swift; sourceTree = "<group>"; };
		5BF589E42E91191400A03625 /* DiscoverSectionView.swift */ = {isa = PBXFileReference; lastKnownFileType = sourcecode.swift; path = DiscoverSectionView.swift; sourceTree = "<group>"; };
		5BF5DF222E953A0900A876A4 /* ArtworkModels.swift */ = {isa = PBXFileReference; lastKnownFileType = sourcecode.swift; path = ArtworkModels.swift; sourceTree = "<group>"; };
/* End PBXFileReference section */

/* Begin PBXFrameworksBuildPhase section */
		5B52B5872E93FE5B001CB154 /* Frameworks */ = {
			isa = PBXFrameworksBuildPhase;
			buildActionMask = 2147483647;
			files = (
				5B52B58E2E94003E001CB154 /* SVGKit in Frameworks */,
				5B52B58B2E93FE8D001CB154 /* Kingfisher in Frameworks */,
			);
			runOnlyForDeploymentPostprocessing = 0;
		};
		5BDB706B2E8666FD00EB6C83 /* Frameworks */ = {
			isa = PBXFrameworksBuildPhase;
			buildActionMask = 2147483647;
			files = (
			);
			runOnlyForDeploymentPostprocessing = 0;
		};
		5BDB70752E8666FD00EB6C83 /* Frameworks */ = {
			isa = PBXFrameworksBuildPhase;
			buildActionMask = 2147483647;
			files = (
			);
			runOnlyForDeploymentPostprocessing = 0;
		};
/* End PBXFrameworksBuildPhase section */

/* Begin PBXGroup section */
		5B22276E2E91803C0057A7C7 /* Enums */ = {
			isa = PBXGroup;
			children = (
				5B22276F2E9180480057A7C7 /* Currency.swift */,
			);
			path = Enums;
			sourceTree = "<group>";
		};
		5B2589552E8D193C00FC7E99 /* Styles */ = {
			isa = PBXGroup;
			children = (
				5B2589562E8D197200FC7E99 /* AuthTextFieldStyle.swift */,
				5BAF10372E8F025900C868C5 /* ErrorTextStyle.swift */,
				5BCC48052E9CF44500343FCE /* ArtworkEditTextFieldStyle.swift */,
			);
			path = Styles;
			sourceTree = "<group>";
		};
		5B4A17CE2E949BDA0008E8E0 /* Profile */ = {
			isa = PBXGroup;
			children = (
				5B4A17D22E949E030008E8E0 /* ProfileView.swift */,
				5B4A17D42E94AA1B0008E8E0 /* BiographyView.swift */,
				5B55EE602E9507E30068474E /* ArtworkGridView.swift */,
				5BBA3E8E2E963F4A007B2B2D /* SettingsView.swift */,
				5BBA3E902E9644EE007B2B2D /* AccountSettingsView.swift */,
			);
			path = Profile;
			sourceTree = "<group>";
		};
		5B4A17CF2E949BEC0008E8E0 /* SharedComponents */ = {
			isa = PBXGroup;
			children = (
				5B4A17D02E949C020008E8E0 /* ProfilePhoto.swift */,
			);
			path = SharedComponents;
			sourceTree = "<group>";
		};
		5B52B5882E93FE61001CB154 /* Frameworks */ = {
			isa = PBXGroup;
			children = (
			);
			name = Frameworks;
			sourceTree = "<group>";
		};
		5B6A8D222E97F04900D31586 /* Search */ = {
			isa = PBXGroup;
			children = (
				5B6A8D232E97F05900D31586 /* SearchView.swift */,
				5B6A8D272E9802C700D31586 /* ArtworkSearchCardView.swift */,
				5B6A8D292E98081700D31586 /* ArtistSearchCardView.swift */,
				5B6A8D2B2E98095100D31586 /* SearchCardWithIconView.swift */,
			);
			path = Search;
			sourceTree = "<group>";
		};
		5B9335402E92F5CA0082550F /* Utils */ = {
			isa = PBXGroup;
			children = (
				5B9335412E92F5E60082550F /* Constants.swift */,
				5B0963E72E93EE34008307C6 /* SVGImageProcessor.swift */,
				5B4A17D62E94E7320008E8E0 /* AttributedStringExtension.swift */,
				5B55EE5C2E94F0440068474E /* Formatter.swift */,
				5BF20FDF2E9A47E70024FE10 /* ColorExtension.swift */,
			);
			path = Utils;
			sourceTree = "<group>";
		};
		5BAA83212E89C28F0055B794 /* Models */ = {
			isa = PBXGroup;
			children = (
				5B22276E2E91803C0057A7C7 /* Enums */,
				5BAF102D2E8EE37B00C868C5 /* AuthModels.swift */,
				5BAF102F2E8EE3A300C868C5 /* UserModels.swift */,
				5B22276C2E917EDC0057A7C7 /* DiscoverModels.swift */,
				5BF5DF222E953A0900A876A4 /* ArtworkModels.swift */,
				5BCEB0672E98EBFC001ABCB2 /* SearchModels.swift */,
				5BCEB0692E98F31C001ABCB2 /* CityModels.swift */,
				5BCEB06B2E98F379001ABCB2 /* GalleryModels.swift */,
			);
			path = Models;
			sourceTree = "<group>";
		};
		5BAA83222E89C2980055B794 /* Views */ = {
			isa = PBXGroup;
			children = (
				5BF227FC2E993730009843AD /* Artwork */,
				5B6A8D222E97F04900D31586 /* Search */,
				5B4A17CF2E949BEC0008E8E0 /* SharedComponents */,
				5B4A17CE2E949BDA0008E8E0 /* Profile */,
				5BF589E62E912EC200A03625 /* Discover */,
				5BAA83232E89C30C0055B794 /* GetStartedView.swift */,
				5BAA83252E89D1FD0055B794 /* LogInView.swift */,
				5BECDCEE2E8AF7BA0092C6D9 /* SignUpView.swift */,
				5B0088092E9028B500745F89 /* MainTabView.swift */,
				5B4E0D522E923BEA00970E84 /* RootView.swift */,
			);
			path = Views;
			sourceTree = "<group>";
		};
		5BAF10312E8EE44E00C868C5 /* ViewModels */ = {
			isa = PBXGroup;
			children = (
				5BAF10322E8EE52700C868C5 /* AuthViewModel.swift */,
				5B9ED84F2E9131EF00D27A92 /* DiscoverViewModel.swift */,
				5B5171B82E93B4A80062F6DA /* InfiniteScroll.swift */,
				5B55EE5E2E94F2240068474E /* ProfileViewModel.swift */,
				5B6A8D252E97F0EE00D31586 /* SearchViewModel.swift */,
				5BF227FF2E993871009843AD /* ArtworkViewModel.swift */,
			);
			path = ViewModels;
			sourceTree = "<group>";
		};
		5BAF10342E8EEC2600C868C5 /* Services */ = {
			isa = PBXGroup;
			children = (
				5BAF10352E8EEFCA00C868C5 /* APIService.swift */,
				5B0088062E900D3D00745F89 /* TokenStore.swift */,
			);
			path = Services;
			sourceTree = "<group>";
		};
		5BDB70552E8666FB00EB6C83 = {
			isa = PBXGroup;
			children = (
				5BDB70602E8666FB00EB6C83 /* ios */,
				5BDB70712E8666FD00EB6C83 /* iosTests */,
				5BDB707B2E8666FD00EB6C83 /* iosUITests */,
				5BDB705F2E8666FB00EB6C83 /* Products */,
				5B52B5882E93FE61001CB154 /* Frameworks */,
			);
			sourceTree = "<group>";
		};
		5BDB705F2E8666FB00EB6C83 /* Products */ = {
			isa = PBXGroup;
			children = (
				5BDB705E2E8666FB00EB6C83 /* ios.app */,
				5BDB706E2E8666FD00EB6C83 /* iosTests.xctest */,
				5BDB70782E8666FD00EB6C83 /* iosUITests.xctest */,
			);
			name = Products;
			sourceTree = "<group>";
		};
		5BDB70602E8666FB00EB6C83 /* ios */ = {
			isa = PBXGroup;
			children = (
				5B9335402E92F5CA0082550F /* Utils */,
				5BAF10342E8EEC2600C868C5 /* Services */,
				5BAF10312E8EE44E00C868C5 /* ViewModels */,
				5B2589552E8D193C00FC7E99 /* Styles */,
				5BAA83222E89C2980055B794 /* Views */,
				5BAA83212E89C28F0055B794 /* Models */,
				5BDB70612E8666FB00EB6C83 /* iosApp.swift */,
				5BDB70652E8666FC00EB6C83 /* Assets.xcassets */,
				5BDB70672E8666FC00EB6C83 /* Preview Content */,
			);
			path = ios;
			sourceTree = "<group>";
		};
		5BDB70672E8666FC00EB6C83 /* Preview Content */ = {
			isa = PBXGroup;
			children = (
				5BDB70682E8666FC00EB6C83 /* Preview Assets.xcassets */,
			);
			path = "Preview Content";
			sourceTree = "<group>";
		};
		5BDB70712E8666FD00EB6C83 /* iosTests */ = {
			isa = PBXGroup;
			children = (
				5BDB70722E8666FD00EB6C83 /* iosTests.swift */,
			);
			path = iosTests;
			sourceTree = "<group>";
		};
		5BDB707B2E8666FD00EB6C83 /* iosUITests */ = {
			isa = PBXGroup;
			children = (
				5BDB707C2E8666FD00EB6C83 /* iosUITests.swift */,
				5BDB707E2E8666FD00EB6C83 /* iosUITestsLaunchTests.swift */,
			);
			path = iosUITests;
			sourceTree = "<group>";
		};
		5BF227FC2E993730009843AD /* Artwork */ = {
			isa = PBXGroup;
			children = (
				5BF227FD2E993745009843AD /* ArtworkView.swift */,
				5BF228012E995D75009843AD /* ArtworkImageView.swift */,
				5BF20FE12E9A4F2B0024FE10 /* ArtworkImageContainerView.swift */,
				5BF20FE32E9A5A300024FE10 /* ArtworkHeaderView.swift */,
			);
			path = Artwork;
			sourceTree = "<group>";
		};
		5BF589E62E912EC200A03625 /* Discover */ = {
			isa = PBXGroup;
			children = (
				5BF589E22E91141000A03625 /* HighStakesAuctionView.swift */,
				5BF589E02E91064000A03625 /* ArtistDiscoverView.swift */,
				5BF589E42E91191400A03625 /* DiscoverSectionView.swift */,
				5BBA03AC2E900ACD001B1EE3 /* DiscoverView.swift */,
				5B2227682E91636A0057A7C7 /* ArtworkDiscoverCardView.swift */,
				5B22276A2E9175D10057A7C7 /* FollowingFeedView.swift */,
			);
			path = Discover;
			sourceTree = "<group>";
		};
/* End PBXGroup section */

/* Begin PBXNativeTarget section */
		5BDB705D2E8666FB00EB6C83 /* ios */ = {
			isa = PBXNativeTarget;
			buildConfigurationList = 5BDB70822E8666FD00EB6C83 /* Build configuration list for PBXNativeTarget "ios" */;
			buildPhases = (
				5BDB705A2E8666FB00EB6C83 /* Sources */,
				5BDB705C2E8666FB00EB6C83 /* Resources */,
				5B52B5872E93FE5B001CB154 /* Frameworks */,
			);
			buildRules = (
			);
			dependencies = (
			);
			name = ios;
			packageProductDependencies = (
				5B52B58A2E93FE8D001CB154 /* Kingfisher */,
				5B52B58D2E94003E001CB154 /* SVGKit */,
			);
			productName = ios;
			productReference = 5BDB705E2E8666FB00EB6C83 /* ios.app */;
			productType = "com.apple.product-type.application";
		};
		5BDB706D2E8666FD00EB6C83 /* iosTests */ = {
			isa = PBXNativeTarget;
			buildConfigurationList = 5BDB70852E8666FD00EB6C83 /* Build configuration list for PBXNativeTarget "iosTests" */;
			buildPhases = (
				5BDB706A2E8666FD00EB6C83 /* Sources */,
				5BDB706B2E8666FD00EB6C83 /* Frameworks */,
				5BDB706C2E8666FD00EB6C83 /* Resources */,
			);
			buildRules = (
			);
			dependencies = (
				5BDB70702E8666FD00EB6C83 /* PBXTargetDependency */,
			);
			name = iosTests;
			productName = iosTests;
			productReference = 5BDB706E2E8666FD00EB6C83 /* iosTests.xctest */;
			productType = "com.apple.product-type.bundle.unit-test";
		};
		5BDB70772E8666FD00EB6C83 /* iosUITests */ = {
			isa = PBXNativeTarget;
			buildConfigurationList = 5BDB70882E8666FD00EB6C83 /* Build configuration list for PBXNativeTarget "iosUITests" */;
			buildPhases = (
				5BDB70742E8666FD00EB6C83 /* Sources */,
				5BDB70752E8666FD00EB6C83 /* Frameworks */,
				5BDB70762E8666FD00EB6C83 /* Resources */,
			);
			buildRules = (
			);
			dependencies = (
				5BDB707A2E8666FD00EB6C83 /* PBXTargetDependency */,
			);
			name = iosUITests;
			productName = iosUITests;
			productReference = 5BDB70782E8666FD00EB6C83 /* iosUITests.xctest */;
			productType = "com.apple.product-type.bundle.ui-testing";
		};
/* End PBXNativeTarget section */

/* Begin PBXProject section */
		5BDB70562E8666FB00EB6C83 /* Project object */ = {
			isa = PBXProject;
			attributes = {
				BuildIndependentTargetsInParallel = 1;
				LastSwiftUpdateCheck = 1540;
				LastUpgradeCheck = 1540;
				TargetAttributes = {
					5BDB705D2E8666FB00EB6C83 = {
						CreatedOnToolsVersion = 15.4;
					};
					5BDB706D2E8666FD00EB6C83 = {
						CreatedOnToolsVersion = 15.4;
						TestTargetID = 5BDB705D2E8666FB00EB6C83;
					};
					5BDB70772E8666FD00EB6C83 = {
						CreatedOnToolsVersion = 15.4;
						TestTargetID = 5BDB705D2E8666FB00EB6C83;
					};
				};
			};
			buildConfigurationList = 5BDB70592E8666FB00EB6C83 /* Build configuration list for PBXProject "ios" */;
			compatibilityVersion = "Xcode 14.0";
			developmentRegion = en;
			hasScannedForEncodings = 0;
			knownRegions = (
				en,
				Base,
			);
			mainGroup = 5BDB70552E8666FB00EB6C83;
			packageReferences = (
				5B52B5892E93FE8D001CB154 /* XCRemoteSwiftPackageReference "Kingfisher" */,
				5B52B58C2E94003E001CB154 /* XCRemoteSwiftPackageReference "SVGKit" */,
			);
			productRefGroup = 5BDB705F2E8666FB00EB6C83 /* Products */;
			projectDirPath = "";
			projectRoot = "";
			targets = (
				5BDB705D2E8666FB00EB6C83 /* ios */,
				5BDB706D2E8666FD00EB6C83 /* iosTests */,
				5BDB70772E8666FD00EB6C83 /* iosUITests */,
			);
		};
/* End PBXProject section */

/* Begin PBXResourcesBuildPhase section */
		5BDB705C2E8666FB00EB6C83 /* Resources */ = {
			isa = PBXResourcesBuildPhase;
			buildActionMask = 2147483647;
			files = (
				5BDB70692E8666FC00EB6C83 /* Preview Assets.xcassets in Resources */,
				5BDB70662E8666FC00EB6C83 /* Assets.xcassets in Resources */,
			);
			runOnlyForDeploymentPostprocessing = 0;
		};
		5BDB706C2E8666FD00EB6C83 /* Resources */ = {
			isa = PBXResourcesBuildPhase;
			buildActionMask = 2147483647;
			files = (
			);
			runOnlyForDeploymentPostprocessing = 0;
		};
		5BDB70762E8666FD00EB6C83 /* Resources */ = {
			isa = PBXResourcesBuildPhase;
			buildActionMask = 2147483647;
			files = (
			);
			runOnlyForDeploymentPostprocessing = 0;
		};
/* End PBXResourcesBuildPhase section */

/* Begin PBXSourcesBuildPhase section */
		5BDB705A2E8666FB00EB6C83 /* Sources */ = {
			isa = PBXSourcesBuildPhase;
			buildActionMask = 2147483647;
			files = (
				5BECDCEF2E8AF7BA0092C6D9 /* SignUpView.swift in Sources */,
				5B4A17D32E949E030008E8E0 /* ProfileView.swift in Sources */,
				5B4A17D52E94AA1B0008E8E0 /* BiographyView.swift in Sources */,
				5BAF10302E8EE3A300C868C5 /* UserModels.swift in Sources */,
				5B6A8D262E97F0EE00D31586 /* SearchViewModel.swift in Sources */,
				5BF20FE22E9A4F2B0024FE10 /* ArtworkImageContainerView.swift in Sources */,
				5BCEB06C2E98F379001ABCB2 /* GalleryModels.swift in Sources */,
				5BF20FE02E9A47E70024FE10 /* ColorExtension.swift in Sources */,
				5BBA03AD2E900ACD001B1EE3 /* DiscoverView.swift in Sources */,
				5BBA3E8F2E963F4A007B2B2D /* SettingsView.swift in Sources */,
				5B0963E82E93EE34008307C6 /* SVGImageProcessor.swift in Sources */,
				5BF228022E995D75009843AD /* ArtworkImageView.swift in Sources */,
				5BF589E52E91191400A03625 /* DiscoverSectionView.swift in Sources */,
				5B5171B92E93B4A80062F6DA /* InfiniteScroll.swift in Sources */,
				5BCEB06A2E98F31C001ABCB2 /* CityModels.swift in Sources */,
				5BAF102E2E8EE37C00C868C5 /* AuthModels.swift in Sources */,
				5BF589E12E91064000A03625 /* ArtistDiscoverView.swift in Sources */,
				5B9335422E92F5E70082550F /* Constants.swift in Sources */,
				5BAF10382E8F025900C868C5 /* ErrorTextStyle.swift in Sources */,
				5B55EE5F2E94F2240068474E /* ProfileViewModel.swift in Sources */,
				5BBA3E912E9644EE007B2B2D /* AccountSettingsView.swift in Sources */,
				5B6A8D2A2E98081700D31586 /* ArtistSearchCardView.swift in Sources */,
				5BCEB0682E98EBFC001ABCB2 /* SearchModels.swift in Sources */,
				5B55EE5D2E94F0440068474E /* Formatter.swift in Sources */,
				5B4A17D12E949C020008E8E0 /* ProfilePhoto.swift in Sources */,
				5B0088072E900D3D00745F89 /* TokenStore.swift in Sources */,
				5BAA83242E89C30C0055B794 /* GetStartedView.swift in Sources */,
				5BF5DF232E953A0900A876A4 /* ArtworkModels.swift in Sources */,
				5BF589E32E91141000A03625 /* HighStakesAuctionView.swift in Sources */,
				5B4E0D532E923BEA00970E84 /* RootView.swift in Sources */,
				5B22276D2E917EDC0057A7C7 /* DiscoverModels.swift in Sources */,
				5B22276B2E9175D10057A7C7 /* FollowingFeedView.swift in Sources */,
				5B2227702E9180480057A7C7 /* Currency.swift in Sources */,
				5B00880A2E9028B500745F89 /* MainTabView.swift in Sources */,
				5BAF10332E8EE52700C868C5 /* AuthViewModel.swift in Sources */,
				5BAA83262E89D1FD0055B794 /* LogInView.swift in Sources */,
				5BF228002E993871009843AD /* ArtworkViewModel.swift in Sources */,
				5B6A8D242E97F05900D31586 /* SearchView.swift in Sources */,
				5BCC48062E9CF44500343FCE /* ArtworkEditTextFieldStyle.swift in Sources */,
				5B6A8D2C2E98095100D31586 /* SearchCardWithIconView.swift in Sources */,
				5BF20FE42E9A5A300024FE10 /* ArtworkHeaderView.swift in Sources */,
				5B2589572E8D197200FC7E99 /* AuthTextFieldStyle.swift in Sources */,
				5B6A8D282E9802C700D31586 /* ArtworkSearchCardView.swift in Sources */,
				5BAF10362E8EEFCA00C868C5 /* APIService.swift in Sources */,
				5B55EE612E9507E30068474E /* ArtworkGridView.swift in Sources */,
				5BDB70622E8666FB00EB6C83 /* iosApp.swift in Sources */,
				5B2227692E91636A0057A7C7 /* ArtworkDiscoverCardView.swift in Sources */,
				5BF227FE2E993745009843AD /* ArtworkView.swift in Sources */,
				5B9ED8502E9131EF00D27A92 /* DiscoverViewModel.swift in Sources */,
				5B4A17D72E94E7320008E8E0 /* AttributedStringExtension.swift in Sources */,
			);
			runOnlyForDeploymentPostprocessing = 0;
		};
		5BDB706A2E8666FD00EB6C83 /* Sources */ = {
			isa = PBXSourcesBuildPhase;
			buildActionMask = 2147483647;
			files = (
				5BDB70732E8666FD00EB6C83 /* iosTests.swift in Sources */,
			);
			runOnlyForDeploymentPostprocessing = 0;
		};
		5BDB70742E8666FD00EB6C83 /* Sources */ = {
			isa = PBXSourcesBuildPhase;
			buildActionMask = 2147483647;
			files = (
				5BDB707F2E8666FD00EB6C83 /* iosUITestsLaunchTests.swift in Sources */,
				5BDB707D2E8666FD00EB6C83 /* iosUITests.swift in Sources */,
			);
			runOnlyForDeploymentPostprocessing = 0;
		};
/* End PBXSourcesBuildPhase section */

/* Begin PBXTargetDependency section */
		5BDB70702E8666FD00EB6C83 /* PBXTargetDependency */ = {
			isa = PBXTargetDependency;
			target = 5BDB705D2E8666FB00EB6C83 /* ios */;
			targetProxy = 5BDB706F2E8666FD00EB6C83 /* PBXContainerItemProxy */;
		};
		5BDB707A2E8666FD00EB6C83 /* PBXTargetDependency */ = {
			isa = PBXTargetDependency;
			target = 5BDB705D2E8666FB00EB6C83 /* ios */;
			targetProxy = 5BDB70792E8666FD00EB6C83 /* PBXContainerItemProxy */;
		};
/* End PBXTargetDependency section */

/* Begin XCBuildConfiguration section */
		5BDB70802E8666FD00EB6C83 /* Debug */ = {
			isa = XCBuildConfiguration;
			buildSettings = {
				ALWAYS_SEARCH_USER_PATHS = NO;
				ASSETCATALOG_COMPILER_GENERATE_SWIFT_ASSET_SYMBOL_EXTENSIONS = YES;
				CLANG_ANALYZER_NONNULL = YES;
				CLANG_ANALYZER_NUMBER_OBJECT_CONVERSION = YES_AGGRESSIVE;
				CLANG_CXX_LANGUAGE_STANDARD = "gnu++20";
				CLANG_ENABLE_MODULES = YES;
				CLANG_ENABLE_OBJC_ARC = YES;
				CLANG_ENABLE_OBJC_WEAK = YES;
				CLANG_WARN_BLOCK_CAPTURE_AUTORELEASING = YES;
				CLANG_WARN_BOOL_CONVERSION = YES;
				CLANG_WARN_COMMA = YES;
				CLANG_WARN_CONSTANT_CONVERSION = YES;
				CLANG_WARN_DEPRECATED_OBJC_IMPLEMENTATIONS = YES;
				CLANG_WARN_DIRECT_OBJC_ISA_USAGE = YES_ERROR;
				CLANG_WARN_DOCUMENTATION_COMMENTS = YES;
				CLANG_WARN_EMPTY_BODY = YES;
				CLANG_WARN_ENUM_CONVERSION = YES;
				CLANG_WARN_INFINITE_RECURSION = YES;
				CLANG_WARN_INT_CONVERSION = YES;
				CLANG_WARN_NON_LITERAL_NULL_CONVERSION = YES;
				CLANG_WARN_OBJC_IMPLICIT_RETAIN_SELF = YES;
				CLANG_WARN_OBJC_LITERAL_CONVERSION = YES;
				CLANG_WARN_OBJC_ROOT_CLASS = YES_ERROR;
				CLANG_WARN_QUOTED_INCLUDE_IN_FRAMEWORK_HEADER = YES;
				CLANG_WARN_RANGE_LOOP_ANALYSIS = YES;
				CLANG_WARN_STRICT_PROTOTYPES = YES;
				CLANG_WARN_SUSPICIOUS_MOVE = YES;
				CLANG_WARN_UNGUARDED_AVAILABILITY = YES_AGGRESSIVE;
				CLANG_WARN_UNREACHABLE_CODE = YES;
				CLANG_WARN__DUPLICATE_METHOD_MATCH = YES;
				COPY_PHASE_STRIP = NO;
				DEBUG_INFORMATION_FORMAT = dwarf;
				ENABLE_STRICT_OBJC_MSGSEND = YES;
				ENABLE_TESTABILITY = YES;
				ENABLE_USER_SCRIPT_SANDBOXING = YES;
				GCC_C_LANGUAGE_STANDARD = gnu17;
				GCC_DYNAMIC_NO_PIC = NO;
				GCC_NO_COMMON_BLOCKS = YES;
				GCC_OPTIMIZATION_LEVEL = 0;
				GCC_PREPROCESSOR_DEFINITIONS = (
					"DEBUG=1",
					"$(inherited)",
				);
				GCC_WARN_64_TO_32_BIT_CONVERSION = YES;
				GCC_WARN_ABOUT_RETURN_TYPE = YES_ERROR;
				GCC_WARN_UNDECLARED_SELECTOR = YES;
				GCC_WARN_UNINITIALIZED_AUTOS = YES_AGGRESSIVE;
				GCC_WARN_UNUSED_FUNCTION = YES;
				GCC_WARN_UNUSED_VARIABLE = YES;
				IPHONEOS_DEPLOYMENT_TARGET = 17.5;
				LOCALIZATION_PREFERS_STRING_CATALOGS = YES;
				MTL_ENABLE_DEBUG_INFO = INCLUDE_SOURCE;
				MTL_FAST_MATH = YES;
				ONLY_ACTIVE_ARCH = YES;
				SDKROOT = iphoneos;
				SWIFT_ACTIVE_COMPILATION_CONDITIONS = "DEBUG $(inherited)";
				SWIFT_OPTIMIZATION_LEVEL = "-Onone";
			};
			name = Debug;
		};
		5BDB70812E8666FD00EB6C83 /* Release */ = {
			isa = XCBuildConfiguration;
			buildSettings = {
				ALWAYS_SEARCH_USER_PATHS = NO;
				ASSETCATALOG_COMPILER_GENERATE_SWIFT_ASSET_SYMBOL_EXTENSIONS = YES;
				CLANG_ANALYZER_NONNULL = YES;
				CLANG_ANALYZER_NUMBER_OBJECT_CONVERSION = YES_AGGRESSIVE;
				CLANG_CXX_LANGUAGE_STANDARD = "gnu++20";
				CLANG_ENABLE_MODULES = YES;
				CLANG_ENABLE_OBJC_ARC = YES;
				CLANG_ENABLE_OBJC_WEAK = YES;
				CLANG_WARN_BLOCK_CAPTURE_AUTORELEASING = YES;
				CLANG_WARN_BOOL_CONVERSION = YES;
				CLANG_WARN_COMMA = YES;
				CLANG_WARN_CONSTANT_CONVERSION = YES;
				CLANG_WARN_DEPRECATED_OBJC_IMPLEMENTATIONS = YES;
				CLANG_WARN_DIRECT_OBJC_ISA_USAGE = YES_ERROR;
				CLANG_WARN_DOCUMENTATION_COMMENTS = YES;
				CLANG_WARN_EMPTY_BODY = YES;
				CLANG_WARN_ENUM_CONVERSION = YES;
				CLANG_WARN_INFINITE_RECURSION = YES;
				CLANG_WARN_INT_CONVERSION = YES;
				CLANG_WARN_NON_LITERAL_NULL_CONVERSION = YES;
				CLANG_WARN_OBJC_IMPLICIT_RETAIN_SELF = YES;
				CLANG_WARN_OBJC_LITERAL_CONVERSION = YES;
				CLANG_WARN_OBJC_ROOT_CLASS = YES_ERROR;
				CLANG_WARN_QUOTED_INCLUDE_IN_FRAMEWORK_HEADER = YES;
				CLANG_WARN_RANGE_LOOP_ANALYSIS = YES;
				CLANG_WARN_STRICT_PROTOTYPES = YES;
				CLANG_WARN_SUSPICIOUS_MOVE = YES;
				CLANG_WARN_UNGUARDED_AVAILABILITY = YES_AGGRESSIVE;
				CLANG_WARN_UNREACHABLE_CODE = YES;
				CLANG_WARN__DUPLICATE_METHOD_MATCH = YES;
				COPY_PHASE_STRIP = NO;
				DEBUG_INFORMATION_FORMAT = "dwarf-with-dsym";
				ENABLE_NS_ASSERTIONS = NO;
				ENABLE_STRICT_OBJC_MSGSEND = YES;
				ENABLE_USER_SCRIPT_SANDBOXING = YES;
				GCC_C_LANGUAGE_STANDARD = gnu17;
				GCC_NO_COMMON_BLOCKS = YES;
				GCC_WARN_64_TO_32_BIT_CONVERSION = YES;
				GCC_WARN_ABOUT_RETURN_TYPE = YES_ERROR;
				GCC_WARN_UNDECLARED_SELECTOR = YES;
				GCC_WARN_UNINITIALIZED_AUTOS = YES_AGGRESSIVE;
				GCC_WARN_UNUSED_FUNCTION = YES;
				GCC_WARN_UNUSED_VARIABLE = YES;
				IPHONEOS_DEPLOYMENT_TARGET = 17.5;
				LOCALIZATION_PREFERS_STRING_CATALOGS = YES;
				MTL_ENABLE_DEBUG_INFO = NO;
				MTL_FAST_MATH = YES;
				SDKROOT = iphoneos;
				SWIFT_COMPILATION_MODE = wholemodule;
				VALIDATE_PRODUCT = YES;
			};
			name = Release;
		};
		5BDB70832E8666FD00EB6C83 /* Debug */ = {
			isa = XCBuildConfiguration;
			buildSettings = {
				ASSETCATALOG_COMPILER_APPICON_NAME = AppIcon;
				ASSETCATALOG_COMPILER_GLOBAL_ACCENT_COLOR_NAME = AccentColor;
				CODE_SIGN_STYLE = Automatic;
				CURRENT_PROJECT_VERSION = 1;
				DEVELOPMENT_ASSET_PATHS = "\"ios/Preview Content\"";
				ENABLE_PREVIEWS = YES;
				GENERATE_INFOPLIST_FILE = YES;
				INFOPLIST_KEY_UIApplicationSceneManifest_Generation = YES;
				INFOPLIST_KEY_UIApplicationSupportsIndirectInputEvents = YES;
				INFOPLIST_KEY_UILaunchScreen_Generation = YES;
				INFOPLIST_KEY_UISupportedInterfaceOrientations_iPad = "UIInterfaceOrientationPortrait UIInterfaceOrientationPortraitUpsideDown UIInterfaceOrientationLandscapeLeft UIInterfaceOrientationLandscapeRight";
				INFOPLIST_KEY_UISupportedInterfaceOrientations_iPhone = "UIInterfaceOrientationPortrait UIInterfaceOrientationLandscapeLeft UIInterfaceOrientationLandscapeRight";
				LD_RUNPATH_SEARCH_PATHS = (
					"$(inherited)",
					"@executable_path/Frameworks",
				);
				MARKETING_VERSION = 1.0;
				PRODUCT_BUNDLE_IDENTIFIER = stefan.ios;
				PRODUCT_NAME = "$(TARGET_NAME)";
				SWIFT_EMIT_LOC_STRINGS = YES;
				SWIFT_VERSION = 5.0;
				TARGETED_DEVICE_FAMILY = "1,2";
			};
			name = Debug;
		};
		5BDB70842E8666FD00EB6C83 /* Release */ = {
			isa = XCBuildConfiguration;
			buildSettings = {
				ASSETCATALOG_COMPILER_APPICON_NAME = AppIcon;
				ASSETCATALOG_COMPILER_GLOBAL_ACCENT_COLOR_NAME = AccentColor;
				CODE_SIGN_STYLE = Automatic;
				CURRENT_PROJECT_VERSION = 1;
				DEVELOPMENT_ASSET_PATHS = "\"ios/Preview Content\"";
				ENABLE_PREVIEWS = YES;
				GENERATE_INFOPLIST_FILE = YES;
				INFOPLIST_KEY_UIApplicationSceneManifest_Generation = YES;
				INFOPLIST_KEY_UIApplicationSupportsIndirectInputEvents = YES;
				INFOPLIST_KEY_UILaunchScreen_Generation = YES;
				INFOPLIST_KEY_UISupportedInterfaceOrientations_iPad = "UIInterfaceOrientationPortrait UIInterfaceOrientationPortraitUpsideDown UIInterfaceOrientationLandscapeLeft UIInterfaceOrientationLandscapeRight";
				INFOPLIST_KEY_UISupportedInterfaceOrientations_iPhone = "UIInterfaceOrientationPortrait UIInterfaceOrientationLandscapeLeft UIInterfaceOrientationLandscapeRight";
				LD_RUNPATH_SEARCH_PATHS = (
					"$(inherited)",
					"@executable_path/Frameworks",
				);
				MARKETING_VERSION = 1.0;
				PRODUCT_BUNDLE_IDENTIFIER = stefan.ios;
				PRODUCT_NAME = "$(TARGET_NAME)";
				SWIFT_EMIT_LOC_STRINGS = YES;
				SWIFT_VERSION = 5.0;
				TARGETED_DEVICE_FAMILY = "1,2";
			};
			name = Release;
		};
		5BDB70862E8666FD00EB6C83 /* Debug */ = {
			isa = XCBuildConfiguration;
			buildSettings = {
				ALWAYS_EMBED_SWIFT_STANDARD_LIBRARIES = YES;
				BUNDLE_LOADER = "$(TEST_HOST)";
				CODE_SIGN_STYLE = Automatic;
				CURRENT_PROJECT_VERSION = 1;
				GENERATE_INFOPLIST_FILE = YES;
				IPHONEOS_DEPLOYMENT_TARGET = 17.5;
				MARKETING_VERSION = 1.0;
				PRODUCT_BUNDLE_IDENTIFIER = stefan.iosTests;
				PRODUCT_NAME = "$(TARGET_NAME)";
				SWIFT_EMIT_LOC_STRINGS = NO;
				SWIFT_VERSION = 5.0;
				TARGETED_DEVICE_FAMILY = "1,2";
				TEST_HOST = "$(BUILT_PRODUCTS_DIR)/ios.app/$(BUNDLE_EXECUTABLE_FOLDER_PATH)/ios";
			};
			name = Debug;
		};
		5BDB70872E8666FD00EB6C83 /* Release */ = {
			isa = XCBuildConfiguration;
			buildSettings = {
				ALWAYS_EMBED_SWIFT_STANDARD_LIBRARIES = YES;
				BUNDLE_LOADER = "$(TEST_HOST)";
				CODE_SIGN_STYLE = Automatic;
				CURRENT_PROJECT_VERSION = 1;
				GENERATE_INFOPLIST_FILE = YES;
				IPHONEOS_DEPLOYMENT_TARGET = 17.5;
				MARKETING_VERSION = 1.0;
				PRODUCT_BUNDLE_IDENTIFIER = stefan.iosTests;
				PRODUCT_NAME = "$(TARGET_NAME)";
				SWIFT_EMIT_LOC_STRINGS = NO;
				SWIFT_VERSION = 5.0;
				TARGETED_DEVICE_FAMILY = "1,2";
				TEST_HOST = "$(BUILT_PRODUCTS_DIR)/ios.app/$(BUNDLE_EXECUTABLE_FOLDER_PATH)/ios";
			};
			name = Release;
		};
		5BDB70892E8666FD00EB6C83 /* Debug */ = {
			isa = XCBuildConfiguration;
			buildSettings = {
				ALWAYS_EMBED_SWIFT_STANDARD_LIBRARIES = YES;
				CODE_SIGN_STYLE = Automatic;
				CURRENT_PROJECT_VERSION = 1;
				GENERATE_INFOPLIST_FILE = YES;
				MARKETING_VERSION = 1.0;
				PRODUCT_BUNDLE_IDENTIFIER = stefan.iosUITests;
				PRODUCT_NAME = "$(TARGET_NAME)";
				SWIFT_EMIT_LOC_STRINGS = NO;
				SWIFT_VERSION = 5.0;
				TARGETED_DEVICE_FAMILY = "1,2";
				TEST_TARGET_NAME = ios;
			};
			name = Debug;
		};
		5BDB708A2E8666FD00EB6C83 /* Release */ = {
			isa = XCBuildConfiguration;
			buildSettings = {
				ALWAYS_EMBED_SWIFT_STANDARD_LIBRARIES = YES;
				CODE_SIGN_STYLE = Automatic;
				CURRENT_PROJECT_VERSION = 1;
				GENERATE_INFOPLIST_FILE = YES;
				MARKETING_VERSION = 1.0;
				PRODUCT_BUNDLE_IDENTIFIER = stefan.iosUITests;
				PRODUCT_NAME = "$(TARGET_NAME)";
				SWIFT_EMIT_LOC_STRINGS = NO;
				SWIFT_VERSION = 5.0;
				TARGETED_DEVICE_FAMILY = "1,2";
				TEST_TARGET_NAME = ios;
			};
			name = Release;
		};
/* End XCBuildConfiguration section */

/* Begin XCConfigurationList section */
		5BDB70592E8666FB00EB6C83 /* Build configuration list for PBXProject "ios" */ = {
			isa = XCConfigurationList;
			buildConfigurations = (
				5BDB70802E8666FD00EB6C83 /* Debug */,
				5BDB70812E8666FD00EB6C83 /* Release */,
			);
			defaultConfigurationIsVisible = 0;
			defaultConfigurationName = Release;
		};
		5BDB70822E8666FD00EB6C83 /* Build configuration list for PBXNativeTarget "ios" */ = {
			isa = XCConfigurationList;
			buildConfigurations = (
				5BDB70832E8666FD00EB6C83 /* Debug */,
				5BDB70842E8666FD00EB6C83 /* Release */,
			);
			defaultConfigurationIsVisible = 0;
			defaultConfigurationName = Release;
		};
		5BDB70852E8666FD00EB6C83 /* Build configuration list for PBXNativeTarget "iosTests" */ = {
			isa = XCConfigurationList;
			buildConfigurations = (
				5BDB70862E8666FD00EB6C83 /* Debug */,
				5BDB70872E8666FD00EB6C83 /* Release */,
			);
			defaultConfigurationIsVisible = 0;
			defaultConfigurationName = Release;
		};
		5BDB70882E8666FD00EB6C83 /* Build configuration list for PBXNativeTarget "iosUITests" */ = {
			isa = XCConfigurationList;
			buildConfigurations = (
				5BDB70892E8666FD00EB6C83 /* Debug */,
				5BDB708A2E8666FD00EB6C83 /* Release */,
			);
			defaultConfigurationIsVisible = 0;
			defaultConfigurationName = Release;
		};
/* End XCConfigurationList section */

/* Begin XCRemoteSwiftPackageReference section */
		5B52B5892E93FE8D001CB154 /* XCRemoteSwiftPackageReference "Kingfisher" */ = {
			isa = XCRemoteSwiftPackageReference;
			repositoryURL = "https://github.com/onevcat/Kingfisher.git";
			requirement = {
				kind = upToNextMajorVersion;
				minimumVersion = 8.6.0;
			};
		};
		5B52B58C2E94003E001CB154 /* XCRemoteSwiftPackageReference "SVGKit" */ = {
			isa = XCRemoteSwiftPackageReference;
			repositoryURL = "https://github.com/SVGKit/SVGKit.git";
			requirement = {
				kind = upToNextMajorVersion;
				minimumVersion = 3.0.0;
			};
		};
/* End XCRemoteSwiftPackageReference section */

/* Begin XCSwiftPackageProductDependency section */
		5B52B58A2E93FE8D001CB154 /* Kingfisher */ = {
			isa = XCSwiftPackageProductDependency;
			package = 5B52B5892E93FE8D001CB154 /* XCRemoteSwiftPackageReference "Kingfisher" */;
			productName = Kingfisher;
		};
		5B52B58D2E94003E001CB154 /* SVGKit */ = {
			isa = XCSwiftPackageProductDependency;
			package = 5B52B58C2E94003E001CB154 /* XCRemoteSwiftPackageReference "SVGKit" */;
			productName = SVGKit;
		};
/* End XCSwiftPackageProductDependency section */
	};
	rootObject = 5BDB70562E8666FB00EB6C83 /* Project object */;
}
