
Microsoft Visual Studio Solution File, Format Version 12.00
Project("{FAE04EC0-301F-11D3-BF4B-00C04F79EFBC}") = "ArtSharingApp.Backend", "ArtSharingApp.Backend\ArtSharingApp.Backend.csproj", "{A56C1283-3384-424E-A641-99C80BA90CC5}"
EndProject
Project("{2150E333-8FDC-42A3-9474-1A3956D46DE8}") = "Solution Items", "Solution Items", "{F40FCBAF-E150-4BCA-B302-A53F144E51E0}"
	ProjectSection(SolutionItems) = preProject
		docker-compose.yml = docker-compose.yml
	EndProjectSection
EndProject
Project("{FAE04EC0-301F-11D3-BF4B-00C04F79EFBC}") = "ArtSharingApp.Tests", "ArtSharingApp.Tests\ArtSharingApp.Tests.csproj", "{E30CD776-95D2-422E-B6E3-D413FCB9F013}"
EndProject
Global
	GlobalSection(SolutionConfigurationPlatforms) = preSolution
		Debug|Any CPU = Debug|Any CPU
		Release|Any CPU = Release|Any CPU
	EndGlobalSection
	GlobalSection(ProjectConfigurationPlatforms) = postSolution
		{A56C1283-3384-424E-A641-99C80BA90CC5}.Debug|Any CPU.ActiveCfg = Debug|Any CPU
		{A56C1283-3384-424E-A641-99C80BA90CC5}.Debug|Any CPU.Build.0 = Debug|Any CPU
		{A56C1283-3384-424E-A641-99C80BA90CC5}.Release|Any CPU.ActiveCfg = Release|Any CPU
		{A56C1283-3384-424E-A641-99C80BA90CC5}.Release|Any CPU.Build.0 = Release|Any CPU
		{E30CD776-95D2-422E-B6E3-D413FCB9F013}.Debug|Any CPU.ActiveCfg = Debug|Any CPU
		{E30CD776-95D2-422E-B6E3-D413FCB9F013}.Debug|Any CPU.Build.0 = Debug|Any CPU
		{E30CD776-95D2-422E-B6E3-D413FCB9F013}.Release|Any CPU.ActiveCfg = Release|Any CPU
		{E30CD776-95D2-422E-B6E3-D413FCB9F013}.Release|Any CPU.Build.0 = Release|Any CPU
	EndGlobalSection
EndGlobal
